name: Generate package lock

on:
  push:
    branches:
      - 'release-hardening/**'

permissions:
  contents: write

jobs:
  lockfile:
    if: github.actor != 'github-actions[bot]'
    runs-on: ubuntu-latest
    steps:
      - uses: actions/checkout@v4
      - uses: actions/setup-node@v4
        with:
          node-version: 20
      - name: Generate lockfile
        run: npm install --package-lock-only --ignore-scripts --no-audit --no-fund
      - name: Commit package lock
        run: |
          git config user.name "github-actions[bot]"
          git config user.email "41898282+github-actions[bot]@users.noreply.github.com"
          git add package-lock.json
          if git diff --cached --quiet; then
            echo "package-lock.json is already current"
          else
            git commit -m "chore: add npm package lockfile"
            git push
          fi
