name: Generate package lock

on:
  push:
    branches:
      - 'release-hardening/**'

permissions:
  contents: read

jobs:
  lockfile:
    runs-on: ubuntu-latest
    steps:
      - uses: actions/checkout@v4
      - uses: actions/setup-node@v4
        with:
          node-version: 20
      - name: Generate lockfile
        run: npm install --package-lock-only --ignore-scripts --no-audit --no-fund
      - name: Upload lockfile
        uses: actions/upload-artifact@v4
        with:
          name: ledgerly-package-lock
          path: package-lock.json
          if-no-files-found: error
